
Microsoft Visual Studio Solution File, Format Version 12.00
# Visual Studio Version 16
VisualStudioVersion = 16.0.31321.278
MinimumVisualStudioVersion = 10.0.40219.1
Project("{2150E333-8FDC-42A3-9474-1A3956D46DE8}") = "src", "src", "{B4CF959C-EBE1-4900-980A-EBAFB84860DF}"
EndProject
Project("{2150E333-8FDC-42A3-9474-1A3956D46DE8}") = "test", "test", "{6BF9057E-C82C-4348-9A6A-D6D6FF28CF8D}"
EndProject
Project("{2150E333-8FDC-42A3-9474-1A3956D46DE8}") = "API", "API", "{153F204B-20E6-46A6-BB73-BAD48B580CC4}"
EndProject
Project("{2150E333-8FDC-42A3-9474-1A3956D46DE8}") = "Core", "Core", "{4BC74327-446B-4BFF-BDDD-6BE41FCB3544}"
EndProject
Project("{2150E333-8FDC-42A3-9474-1A3956D46DE8}") = "Infrastructure", "Infrastructure", "{FA8B8595-2641-44BC-8AAD-DBC3BD75A404}"
EndProject
Project("{9A19103F-16F7-4668-BE54-9A1E7A4F7556}") = "GloboTicket.TicketManagement.Api", "src\API\GloboTicket.TicketManagement.Api\GloboTicket.TicketManagement.Api.csproj", "{17B7B793-4B9F-4040-8722-6BF5E8ED6FFB}"
EndProject
Project("{9A19103F-16F7-4668-BE54-9A1E7A4F7556}") = "GloboTicket.TicketManagement.Application", "src\Core\GloboTicket.TicketManagement.Application\GloboTicket.TicketManagement.Application.csproj", "{AC805082-9536-4D17-A3F3-44E2CE599F2A}"
EndProject
Project("{9A19103F-16F7-4668-BE54-9A1E7A4F7556}") = "GloboTicket.TicketManagement.Domain", "src\Core\GloboTicket.TicketManagement.Domain\GloboTicket.TicketManagement.Domain.csproj", "{D8609A22-BB9B-4D39-9D1D-4ADF86BE2F41}"
EndProject
Project("{9A19103F-16F7-4668-BE54-9A1E7A4F7556}") = "GloboTicket.TicketManagement.Identity", "src\Infrastructure\GloboTicket.TicketManagement.Identity\GloboTicket.TicketManagement.Identity.csproj", "{431CA450-9265-4823-9F43-1039D61A7069}"
EndProject
Project("{9A19103F-16F7-4668-BE54-9A1E7A4F7556}") = "GloboTicket.TicketManagement.Infrastructure", "src\Infrastructure\GloboTicket.TicketManagement.Infrastructure\GloboTicket.TicketManagement.Infrastructure.csproj", "{3A087A69-FD6C-4AA8-89D4-93BC58FA91D6}"
EndProject
Project("{9A19103F-16F7-4668-BE54-9A1E7A4F7556}") = "GloboTicket.TicketManagement.Persistence", "src\Infrastructure\GloboTicket.TicketManagement.Persistence\GloboTicket.TicketManagement.Persistence.csproj", "{631764D0-EDB5-4804-B943-27CE0E26C6D4}"
EndProject
Project("{9A19103F-16F7-4668-BE54-9A1E7A4F7556}") = "GloboTicket.TicketManagement.API.IntegrationTests", "test\GloboTicket.TicketManagement.API.IntegrationTests\GloboTicket.TicketManagement.API.IntegrationTests.csproj", "{93AE446B-39C0-49BE-BA11-85293B15C929}"
EndProject
Project("{9A19103F-16F7-4668-BE54-9A1E7A4F7556}") = "GloboTicket.TicketManagement.Application.UnitTests", "test\GloboTicket.TicketManagement.Application.UnitTests\GloboTicket.TicketManagement.Application.UnitTests.csproj", "{A93BA1F5-1BEF-4252-B2C9-E3D545685684}"
EndProject
Project("{9A19103F-16F7-4668-BE54-9A1E7A4F7556}") = "GloboTicket.TicketManagement.Persistence.IntegrationTests", "test\GloboTicket.TicketManagement.Persistence.IntegrationTests\GloboTicket.TicketManagement.Persistence.IntegrationTests.csproj", "{EE967140-977B-4DAC-89C1-E06D92A32395}"
EndProject
Project("{9A19103F-16F7-4668-BE54-9A1E7A4F7556}") = "GloboTicket.TicketManagement.API.UnitTests", "test\GloboTicket.TicketManagement.API.UnitTests\GloboTicket.TicketManagement.API.UnitTests.csproj", "{6559162B-B5AE-499B-9850-9D556E7B54C8}"
EndProject
Project("{9A19103F-16F7-4668-BE54-9A1E7A4F7556}") = "GloboTicket.TicketManagement.Identity.UnitTests", "test\GloboTicket.TicketManagement.Identity.UnitTests\GloboTicket.TicketManagement.Identity.UnitTests.csproj", "{FA006BC5-51EE-4B7E-912A-905F508C901E}"
EndProject
Project("{FAE04EC0-301F-11D3-BF4B-00C04F79EFBC}") = "GloboTicket.TicketManagement.Infrastructure.UnitTests", "test\GloboTicket.TicketManagement.Infrastructure.UnitTests\GloboTicket.TicketManagement.Infrastructure.UnitTests.csproj", "{4F927D13-8CF2-4039-BA22-E7BB07BC8D93}"
EndProject
Global
	GlobalSection(SolutionConfigurationPlatforms) = preSolution
		Debug|Any CPU = Debug|Any CPU
		Release|Any CPU = Release|Any CPU
	EndGlobalSection
	GlobalSection(ProjectConfigurationPlatforms) = postSolution
		{17B7B793-4B9F-4040-8722-6BF5E8ED6FFB}.Debug|Any CPU.ActiveCfg = Debug|Any CPU
		{17B7B793-4B9F-4040-8722-6BF5E8ED6FFB}.Debug|Any CPU.Build.0 = Debug|Any CPU
		{17B7B793-4B9F-4040-8722-6BF5E8ED6FFB}.Release|Any CPU.ActiveCfg = Release|Any CPU
		{17B7B793-4B9F-4040-8722-6BF5E8ED6FFB}.Release|Any CPU.Build.0 = Release|Any CPU
		{AC805082-9536-4D17-A3F3-44E2CE599F2A}.Debug|Any CPU.ActiveCfg = Debug|Any CPU
		{AC805082-9536-4D17-A3F3-44E2CE599F2A}.Debug|Any CPU.Build.0 = Debug|Any CPU
		{AC805082-9536-4D17-A3F3-44E2CE599F2A}.Release|Any CPU.ActiveCfg = Release|Any CPU
		{AC805082-9536-4D17-A3F3-44E2CE599F2A}.Release|Any CPU.Build.0 = Release|Any CPU
		{D8609A22-BB9B-4D39-9D1D-4ADF86BE2F41}.Debug|Any CPU.ActiveCfg = Debug|Any CPU
		{D8609A22-BB9B-4D39-9D1D-4ADF86BE2F41}.Debug|Any CPU.Build.0 = Debug|Any CPU
		{D8609A22-BB9B-4D39-9D1D-4ADF86BE2F41}.Release|Any CPU.ActiveCfg = Release|Any CPU
		{D8609A22-BB9B-4D39-9D1D-4ADF86BE2F41}.Release|Any CPU.Build.0 = Release|Any CPU
		{431CA450-9265-4823-9F43-1039D61A7069}.Debug|Any CPU.ActiveCfg = Debug|Any CPU
		{431CA450-9265-4823-9F43-1039D61A7069}.Debug|Any CPU.Build.0 = Debug|Any CPU
		{431CA450-9265-4823-9F43-1039D61A7069}.Release|Any CPU.ActiveCfg = Release|Any CPU
		{431CA450-9265-4823-9F43-1039D61A7069}.Release|Any CPU.Build.0 = Release|Any CPU
		{3A087A69-FD6C-4AA8-89D4-93BC58FA91D6}.Debug|Any CPU.ActiveCfg = Debug|Any CPU
		{3A087A69-FD6C-4AA8-89D4-93BC58FA91D6}.Debug|Any CPU.Build.0 = Debug|Any CPU
		{3A087A69-FD6C-4AA8-89D4-93BC58FA91D6}.Release|Any CPU.ActiveCfg = Release|Any CPU
		{3A087A69-FD6C-4AA8-89D4-93BC58FA91D6}.Release|Any CPU.Build.0 = Release|Any CPU
		{631764D0-EDB5-4804-B943-27CE0E26C6D4}.Debug|Any CPU.ActiveCfg = Debug|Any CPU
		{631764D0-EDB5-4804-B943-27CE0E26C6D4}.Debug|Any CPU.Build.0 = Debug|Any CPU
		{631764D0-EDB5-4804-B943-27CE0E26C6D4}.Release|Any CPU.ActiveCfg = Release|Any CPU
		{631764D0-EDB5-4804-B943-27CE0E26C6D4}.Release|Any CPU.Build.0 = Release|Any CPU
		{93AE446B-39C0-49BE-BA11-85293B15C929}.Debug|Any CPU.ActiveCfg = Debug|Any CPU
		{93AE446B-39C0-49BE-BA11-85293B15C929}.Debug|Any CPU.Build.0 = Debug|Any CPU
		{93AE446B-39C0-49BE-BA11-85293B15C929}.Release|Any CPU.ActiveCfg = Release|Any CPU
		{93AE446B-39C0-49BE-BA11-85293B15C929}.Release|Any CPU.Build.0 = Release|Any CPU
		{A93BA1F5-1BEF-4252-B2C9-E3D545685684}.Debug|Any CPU.ActiveCfg = Debug|Any CPU
		{A93BA1F5-1BEF-4252-B2C9-E3D545685684}.Debug|Any CPU.Build.0 = Debug|Any CPU
		{A93BA1F5-1BEF-4252-B2C9-E3D545685684}.Release|Any CPU.ActiveCfg = Release|Any CPU
		{A93BA1F5-1BEF-4252-B2C9-E3D545685684}.Release|Any CPU.Build.0 = Release|Any CPU
		{EE967140-977B-4DAC-89C1-E06D92A32395}.Debug|Any CPU.ActiveCfg = Debug|Any CPU
		{EE967140-977B-4DAC-89C1-E06D92A32395}.Debug|Any CPU.Build.0 = Debug|Any CPU
		{EE967140-977B-4DAC-89C1-E06D92A32395}.Release|Any CPU.ActiveCfg = Release|Any CPU
		{EE967140-977B-4DAC-89C1-E06D92A32395}.Release|Any CPU.Build.0 = Release|Any CPU
		{6559162B-B5AE-499B-9850-9D556E7B54C8}.Debug|Any CPU.ActiveCfg = Debug|Any CPU
		{6559162B-B5AE-499B-9850-9D556E7B54C8}.Debug|Any CPU.Build.0 = Debug|Any CPU
		{6559162B-B5AE-499B-9850-9D556E7B54C8}.Release|Any CPU.ActiveCfg = Release|Any CPU
		{6559162B-B5AE-499B-9850-9D556E7B54C8}.Release|Any CPU.Build.0 = Release|Any CPU
		{FA006BC5-51EE-4B7E-912A-905F508C901E}.Debug|Any CPU.ActiveCfg = Debug|Any CPU
		{FA006BC5-51EE-4B7E-912A-905F508C901E}.Debug|Any CPU.Build.0 = Debug|Any CPU
		{FA006BC5-51EE-4B7E-912A-905F508C901E}.Release|Any CPU.ActiveCfg = Release|Any CPU
		{FA006BC5-51EE-4B7E-912A-905F508C901E}.Release|Any CPU.Build.0 = Release|Any CPU
		{4F927D13-8CF2-4039-BA22-E7BB07BC8D93}.Debug|Any CPU.ActiveCfg = Debug|Any CPU
		{4F927D13-8CF2-4039-BA22-E7BB07BC8D93}.Debug|Any CPU.Build.0 = Debug|Any CPU
		{4F927D13-8CF2-4039-BA22-E7BB07BC8D93}.Release|Any CPU.ActiveCfg = Release|Any CPU
		{4F927D13-8CF2-4039-BA22-E7BB07BC8D93}.Release|Any CPU.Build.0 = Release|Any CPU
	EndGlobalSection
	GlobalSection(SolutionProperties) = preSolution
		HideSolutionNode = FALSE
	EndGlobalSection
	GlobalSection(NestedProjects) = preSolution
		{153F204B-20E6-46A6-BB73-BAD48B580CC4} = {B4CF959C-EBE1-4900-980A-EBAFB84860DF}
		{4BC74327-446B-4BFF-BDDD-6BE41FCB3544} = {B4CF959C-EBE1-4900-980A-EBAFB84860DF}
		{FA8B8595-2641-44BC-8AAD-DBC3BD75A404} = {B4CF959C-EBE1-4900-980A-EBAFB84860DF}
		{17B7B793-4B9F-4040-8722-6BF5E8ED6FFB} = {153F204B-20E6-46A6-BB73-BAD48B580CC4}
		{AC805082-9536-4D17-A3F3-44E2CE599F2A} = {4BC74327-446B-4BFF-BDDD-6BE41FCB3544}
		{D8609A22-BB9B-4D39-9D1D-4ADF86BE2F41} = {4BC74327-446B-4BFF-BDDD-6BE41FCB3544}
		{431CA450-9265-4823-9F43-1039D61A7069} = {FA8B8595-2641-44BC-8AAD-DBC3BD75A404}
		{3A087A69-FD6C-4AA8-89D4-93BC58FA91D6} = {FA8B8595-2641-44BC-8AAD-DBC3BD75A404}
		{631764D0-EDB5-4804-B943-27CE0E26C6D4} = {FA8B8595-2641-44BC-8AAD-DBC3BD75A404}
		{93AE446B-39C0-49BE-BA11-85293B15C929} = {6BF9057E-C82C-4348-9A6A-D6D6FF28CF8D}
		{A93BA1F5-1BEF-4252-B2C9-E3D545685684} = {6BF9057E-C82C-4348-9A6A-D6D6FF28CF8D}
		{EE967140-977B-4DAC-89C1-E06D92A32395} = {6BF9057E-C82C-4348-9A6A-D6D6FF28CF8D}
		{6559162B-B5AE-499B-9850-9D556E7B54C8} = {6BF9057E-C82C-4348-9A6A-D6D6FF28CF8D}
		{FA006BC5-51EE-4B7E-912A-905F508C901E} = {6BF9057E-C82C-4348-9A6A-D6D6FF28CF8D}
		{4F927D13-8CF2-4039-BA22-E7BB07BC8D93} = {6BF9057E-C82C-4348-9A6A-D6D6FF28CF8D}
	EndGlobalSection
	GlobalSection(ExtensibilityGlobals) = postSolution
		SolutionGuid = {F637676C-B7E7-4D66-9BD9-DAEA91A9BBC6}
	EndGlobalSection
EndGlobal
