
Microsoft Visual Studio Solution File, Format Version 12.00
# Visual Studio Version 16
VisualStudioVersion = 16.0.31321.278
MinimumVisualStudioVersion = 10.0.40219.1
Project("{2150E333-8FDC-42A3-9474-1A3956D46DE8}") = "src", "src", "{B4CF959C-EBE1-4900-980A-EBAFB84860DF}"
EndProject
Project("{2150E333-8FDC-42A3-9474-1A3956D46DE8}") = "test", "test", "{6BF9057E-C82C-4348-9A6A-D6D6FF28CF8D}"
EndProject
Project("{2150E333-8FDC-42A3-9474-1A3956D46DE8}") = "API", "API", "{153F204B-20E6-46A6-BB73-BAD48B580CC4}"
EndProject
Project("{2150E333-8FDC-42A3-9474-1A3956D46DE8}") = "Core", "Core", "{4BC74327-446B-4BFF-BDDD-6BE41FCB3544}"
EndProject
Project("{2150E333-8FDC-42A3-9474-1A3956D46DE8}") = "Infrastructure", "Infrastructure", "{FA8B8595-2641-44BC-8AAD-DBC3BD75A404}"
EndProject
Project("{9A19103F-16F7-4668-BE54-9A1E7A4F7556}") = "GloboTicket.TicketManagement.Api", "API\GloboTicket.TicketManagement.Api\GloboTicket.TicketManagement.Api.csproj", "{262C111F-967D-44E4-A61A-BF90244896E8}"
EndProject
Project("{9A19103F-16F7-4668-BE54-9A1E7A4F7556}") = "GloboTicket.TicketManagement.Application", "Core\GloboTicket.TicketManagement.Application\GloboTicket.TicketManagement.Application.csproj", "{EFD50D25-5876-4F33-A53C-0E307AD49325}"
EndProject
Project("{9A19103F-16F7-4668-BE54-9A1E7A4F7556}") = "GloboTicket.TicketManagement.Domain", "Core\GloboTicket.TicketManagement.Domain\GloboTicket.TicketManagement.Domain.csproj", "{B6417136-7F92-4229-8D6D-1F2D354DC11A}"
EndProject
Project("{9A19103F-16F7-4668-BE54-9A1E7A4F7556}") = "GloboTicket.TicketManagement.Identity", "Infrastructure\GloboTicket.TicketManagement.Identity\GloboTicket.TicketManagement.Identity.csproj", "{99A77CCB-92BF-42D7-A898-AE727299A812}"
EndProject
Project("{9A19103F-16F7-4668-BE54-9A1E7A4F7556}") = "GloboTicket.TicketManagement.Infrastructure", "Infrastructure\GloboTicket.TicketManagement.Infrastructure\GloboTicket.TicketManagement.Infrastructure.csproj", "{066F8245-7DFA-41C0-A97C-DA65CFA1EBA6}"
EndProject
Project("{9A19103F-16F7-4668-BE54-9A1E7A4F7556}") = "GloboTicket.TicketManagement.Persistence", "Infrastructure\GloboTicket.TicketManagement.Persistence\GloboTicket.TicketManagement.Persistence.csproj", "{0A6CBEFD-024F-44B0-B44A-8B598AAA2E4C}"
EndProject
Project("{9A19103F-16F7-4668-BE54-9A1E7A4F7556}") = "GloboTicket.TicketManagement.API.IntegrationTests", "..\test\GloboTicket.TicketManagement.API.IntegrationTests\GloboTicket.TicketManagement.API.IntegrationTests.csproj", "{075C33EC-C94A-4316-A3C8-EA5ABD1C9FE0}"
EndProject
Project("{9A19103F-16F7-4668-BE54-9A1E7A4F7556}") = "GloboTicket.TicketManagement.Application.UnitTests", "..\test\GloboTicket.TicketManagement.Application.UnitTests\GloboTicket.TicketManagement.Application.UnitTests.csproj", "{78EA7027-E45D-4316-A95D-59AB34663341}"
EndProject
Project("{9A19103F-16F7-4668-BE54-9A1E7A4F7556}") = "GloboTicket.TicketManagement.Persistence.IntegrationTests", "..\test\GloboTicket.TicketManagement.Persistence.IntegrationTests\GloboTicket.TicketManagement.Persistence.IntegrationTests.csproj", "{7B110289-ADC6-4CEE-A077-42A20465BF35}"
EndProject
Global
	GlobalSection(SolutionConfigurationPlatforms) = preSolution
		Debug|Any CPU = Debug|Any CPU
		Release|Any CPU = Release|Any CPU
	EndGlobalSection
	GlobalSection(ProjectConfigurationPlatforms) = postSolution
		{262C111F-967D-44E4-A61A-BF90244896E8}.Debug|Any CPU.ActiveCfg = Debug|Any CPU
		{262C111F-967D-44E4-A61A-BF90244896E8}.Debug|Any CPU.Build.0 = Debug|Any CPU
		{262C111F-967D-44E4-A61A-BF90244896E8}.Release|Any CPU.ActiveCfg = Release|Any CPU
		{262C111F-967D-44E4-A61A-BF90244896E8}.Release|Any CPU.Build.0 = Release|Any CPU
		{EFD50D25-5876-4F33-A53C-0E307AD49325}.Debug|Any CPU.ActiveCfg = Debug|Any CPU
		{EFD50D25-5876-4F33-A53C-0E307AD49325}.Debug|Any CPU.Build.0 = Debug|Any CPU
		{EFD50D25-5876-4F33-A53C-0E307AD49325}.Release|Any CPU.ActiveCfg = Release|Any CPU
		{EFD50D25-5876-4F33-A53C-0E307AD49325}.Release|Any CPU.Build.0 = Release|Any CPU
		{B6417136-7F92-4229-8D6D-1F2D354DC11A}.Debug|Any CPU.ActiveCfg = Debug|Any CPU
		{B6417136-7F92-4229-8D6D-1F2D354DC11A}.Debug|Any CPU.Build.0 = Debug|Any CPU
		{B6417136-7F92-4229-8D6D-1F2D354DC11A}.Release|Any CPU.ActiveCfg = Release|Any CPU
		{B6417136-7F92-4229-8D6D-1F2D354DC11A}.Release|Any CPU.Build.0 = Release|Any CPU
		{99A77CCB-92BF-42D7-A898-AE727299A812}.Debug|Any CPU.ActiveCfg = Debug|Any CPU
		{99A77CCB-92BF-42D7-A898-AE727299A812}.Debug|Any CPU.Build.0 = Debug|Any CPU
		{99A77CCB-92BF-42D7-A898-AE727299A812}.Release|Any CPU.ActiveCfg = Release|Any CPU
		{99A77CCB-92BF-42D7-A898-AE727299A812}.Release|Any CPU.Build.0 = Release|Any CPU
		{066F8245-7DFA-41C0-A97C-DA65CFA1EBA6}.Debug|Any CPU.ActiveCfg = Debug|Any CPU
		{066F8245-7DFA-41C0-A97C-DA65CFA1EBA6}.Debug|Any CPU.Build.0 = Debug|Any CPU
		{066F8245-7DFA-41C0-A97C-DA65CFA1EBA6}.Release|Any CPU.ActiveCfg = Release|Any CPU
		{066F8245-7DFA-41C0-A97C-DA65CFA1EBA6}.Release|Any CPU.Build.0 = Release|Any CPU
		{0A6CBEFD-024F-44B0-B44A-8B598AAA2E4C}.Debug|Any CPU.ActiveCfg = Debug|Any CPU
		{0A6CBEFD-024F-44B0-B44A-8B598AAA2E4C}.Debug|Any CPU.Build.0 = Debug|Any CPU
		{0A6CBEFD-024F-44B0-B44A-8B598AAA2E4C}.Release|Any CPU.ActiveCfg = Release|Any CPU
		{0A6CBEFD-024F-44B0-B44A-8B598AAA2E4C}.Release|Any CPU.Build.0 = Release|Any CPU
		{075C33EC-C94A-4316-A3C8-EA5ABD1C9FE0}.Debug|Any CPU.ActiveCfg = Debug|Any CPU
		{075C33EC-C94A-4316-A3C8-EA5ABD1C9FE0}.Debug|Any CPU.Build.0 = Debug|Any CPU
		{075C33EC-C94A-4316-A3C8-EA5ABD1C9FE0}.Release|Any CPU.ActiveCfg = Release|Any CPU
		{075C33EC-C94A-4316-A3C8-EA5ABD1C9FE0}.Release|Any CPU.Build.0 = Release|Any CPU
		{78EA7027-E45D-4316-A95D-59AB34663341}.Debug|Any CPU.ActiveCfg = Debug|Any CPU
		{78EA7027-E45D-4316-A95D-59AB34663341}.Debug|Any CPU.Build.0 = Debug|Any CPU
		{78EA7027-E45D-4316-A95D-59AB34663341}.Release|Any CPU.ActiveCfg = Release|Any CPU
		{78EA7027-E45D-4316-A95D-59AB34663341}.Release|Any CPU.Build.0 = Release|Any CPU
		{7B110289-ADC6-4CEE-A077-42A20465BF35}.Debug|Any CPU.ActiveCfg = Debug|Any CPU
		{7B110289-ADC6-4CEE-A077-42A20465BF35}.Debug|Any CPU.Build.0 = Debug|Any CPU
		{7B110289-ADC6-4CEE-A077-42A20465BF35}.Release|Any CPU.ActiveCfg = Release|Any CPU
		{7B110289-ADC6-4CEE-A077-42A20465BF35}.Release|Any CPU.Build.0 = Release|Any CPU
	EndGlobalSection
	GlobalSection(SolutionProperties) = preSolution
		HideSolutionNode = FALSE
	EndGlobalSection
	GlobalSection(NestedProjects) = preSolution
		{153F204B-20E6-46A6-BB73-BAD48B580CC4} = {B4CF959C-EBE1-4900-980A-EBAFB84860DF}
		{4BC74327-446B-4BFF-BDDD-6BE41FCB3544} = {B4CF959C-EBE1-4900-980A-EBAFB84860DF}
		{FA8B8595-2641-44BC-8AAD-DBC3BD75A404} = {B4CF959C-EBE1-4900-980A-EBAFB84860DF}
		{262C111F-967D-44E4-A61A-BF90244896E8} = {153F204B-20E6-46A6-BB73-BAD48B580CC4}
		{EFD50D25-5876-4F33-A53C-0E307AD49325} = {4BC74327-446B-4BFF-BDDD-6BE41FCB3544}
		{B6417136-7F92-4229-8D6D-1F2D354DC11A} = {4BC74327-446B-4BFF-BDDD-6BE41FCB3544}
		{99A77CCB-92BF-42D7-A898-AE727299A812} = {FA8B8595-2641-44BC-8AAD-DBC3BD75A404}
		{066F8245-7DFA-41C0-A97C-DA65CFA1EBA6} = {FA8B8595-2641-44BC-8AAD-DBC3BD75A404}
		{0A6CBEFD-024F-44B0-B44A-8B598AAA2E4C} = {FA8B8595-2641-44BC-8AAD-DBC3BD75A404}
		{075C33EC-C94A-4316-A3C8-EA5ABD1C9FE0} = {6BF9057E-C82C-4348-9A6A-D6D6FF28CF8D}
		{78EA7027-E45D-4316-A95D-59AB34663341} = {6BF9057E-C82C-4348-9A6A-D6D6FF28CF8D}
		{7B110289-ADC6-4CEE-A077-42A20465BF35} = {6BF9057E-C82C-4348-9A6A-D6D6FF28CF8D}
	EndGlobalSection
	GlobalSection(ExtensibilityGlobals) = postSolution
		SolutionGuid = {F637676C-B7E7-4D66-9BD9-DAEA91A9BBC6}
	EndGlobalSection
EndGlobal
